{
  "name": "@chat-app/server",
  "version": "1.0.0",
  "lockfileVersion": 2,
  "requires": true,
  "packages": {
    "": {
      "name": "@chat-app/server",
      "version": "1.0.0",
      "license": "ISC",
      "dependencies": {
        "@satsuki/stalync-sdk": "^1.2.0"
      }
    },
    "node_modules/@satsuki/stalync-sdk": {
      "version": "1.2.0",
      "resolved": "https://registry.npmjs.org/@satsuki/stalync-sdk/-/stalync-sdk-1.2.0.tgz",
      "integrity": "sha512-4vNMktiPmKj/eCJ59rL31XIN76+C7J7+i4BVmC48mgmP0oCiZBtFRdjTSuMJVn1y3YL6qMUEDj9QDSd87Xd/ww=="
    }
  },
  "dependencies": {
    "@satsuki/stalync-sdk": {
      "version": "1.2.0",
      "resolved": "https://registry.npmjs.org/@satsuki/stalync-sdk/-/stalync-sdk-1.2.0.tgz",
      "integrity": "sha512-4vNMktiPmKj/eCJ59rL31XIN76+C7J7+i4BVmC48mgmP0oCiZBtFRdjTSuMJVn1y3YL6qMUEDj9QDSd87Xd/ww=="
    }
  }
}
